
Microsoft Visual Studio Solution File, Format Version 12.00
# Visual Studio Version 17
VisualStudioVersion = 17.14.36301.6
MinimumVisualStudioVersion = 10.0.40219.1
Project("{8BC9CEB8-8B4A-11D0-8D11-00A0C91BC942}") = "Hello World", "Hello World\Hello World.vcxproj", "{2C2935CA-DD25-4A9A-9F3F-F9EA45710710}"
EndProject
Project("{8BC9CEB8-8B4A-11D0-8D11-00A0C91BC942}") = "IO", "IO\IO.vcxproj", "{AAFC4683-6EF2-4BF6-975D-D2742C01EA75}"
EndProject
Project("{8BC9CEB8-8B4A-11D0-8D11-00A0C91BC942}") = "Swap", "Swap\Swap.vcxproj", "{8E8E4EB5-A275-4DB0-85EA-146398606B53}"
EndProject
Project("{8BC9CEB8-8B4A-11D0-8D11-00A0C91BC942}") = "Dynamic Array", "Dynamic Array\Dynamic Array.vcxproj", "{D3CF6203-F21B-4684-8CA8-97422B4EE46C}"
EndProject
Project("{8BC9CEB8-8B4A-11D0-8D11-00A0C91BC942}") = "Enhanced Calculator", "Enhanced Calculator\Enhanced Calculator.vcxproj", "{41012559-669F-4A85-AB95-D67FCBD982EB}"
EndProject
Global
	GlobalSection(SolutionConfigurationPlatforms) = preSolution
		Debug|x64 = Debug|x64
		Debug|x86 = Debug|x86
		Release|x64 = Release|x64
		Release|x86 = Release|x86
	EndGlobalSection
	GlobalSection(ProjectConfigurationPlatforms) = postSolution
		{2C2935CA-DD25-4A9A-9F3F-F9EA45710710}.Debug|x64.ActiveCfg = Debug|x64
		{2C2935CA-DD25-4A9A-9F3F-F9EA45710710}.Debug|x64.Build.0 = Debug|x64
		{2C2935CA-DD25-4A9A-9F3F-F9EA45710710}.Debug|x86.ActiveCfg = Debug|Win32
		{2C2935CA-DD25-4A9A-9F3F-F9EA45710710}.Debug|x86.Build.0 = Debug|Win32
		{2C2935CA-DD25-4A9A-9F3F-F9EA45710710}.Release|x64.ActiveCfg = Release|x64
		{2C2935CA-DD25-4A9A-9F3F-F9EA45710710}.Release|x64.Build.0 = Release|x64
		{2C2935CA-DD25-4A9A-9F3F-F9EA45710710}.Release|x86.ActiveCfg = Release|Win32
		{2C2935CA-DD25-4A9A-9F3F-F9EA45710710}.Release|x86.Build.0 = Release|Win32
		{AAFC4683-6EF2-4BF6-975D-D2742C01EA75}.Debug|x64.ActiveCfg = Debug|x64
		{AAFC4683-6EF2-4BF6-975D-D2742C01EA75}.Debug|x64.Build.0 = Debug|x64
		{AAFC4683-6EF2-4BF6-975D-D2742C01EA75}.Debug|x86.ActiveCfg = Debug|Win32
		{AAFC4683-6EF2-4BF6-975D-D2742C01EA75}.Debug|x86.Build.0 = Debug|Win32
		{AAFC4683-6EF2-4BF6-975D-D2742C01EA75}.Release|x64.ActiveCfg = Release|x64
		{AAFC4683-6EF2-4BF6-975D-D2742C01EA75}.Release|x64.Build.0 = Release|x64
		{AAFC4683-6EF2-4BF6-975D-D2742C01EA75}.Release|x86.ActiveCfg = Release|Win32
		{AAFC4683-6EF2-4BF6-975D-D2742C01EA75}.Release|x86.Build.0 = Release|Win32
		{8E8E4EB5-A275-4DB0-85EA-146398606B53}.Debug|x64.ActiveCfg = Debug|x64
		{8E8E4EB5-A275-4DB0-85EA-146398606B53}.Debug|x64.Build.0 = Debug|x64
		{8E8E4EB5-A275-4DB0-85EA-146398606B53}.Debug|x86.ActiveCfg = Debug|Win32
		{8E8E4EB5-A275-4DB0-85EA-146398606B53}.Debug|x86.Build.0 = Debug|Win32
		{8E8E4EB5-A275-4DB0-85EA-146398606B53}.Release|x64.ActiveCfg = Release|x64
		{8E8E4EB5-A275-4DB0-85EA-146398606B53}.Release|x64.Build.0 = Release|x64
		{8E8E4EB5-A275-4DB0-85EA-146398606B53}.Release|x86.ActiveCfg = Release|Win32
		{8E8E4EB5-A275-4DB0-85EA-146398606B53}.Release|x86.Build.0 = Release|Win32
		{D3CF6203-F21B-4684-8CA8-97422B4EE46C}.Debug|x64.ActiveCfg = Debug|x64
		{D3CF6203-F21B-4684-8CA8-97422B4EE46C}.Debug|x64.Build.0 = Debug|x64
		{D3CF6203-F21B-4684-8CA8-97422B4EE46C}.Debug|x86.ActiveCfg = Debug|Win32
		{D3CF6203-F21B-4684-8CA8-97422B4EE46C}.Debug|x86.Build.0 = Debug|Win32
		{D3CF6203-F21B-4684-8CA8-97422B4EE46C}.Release|x64.ActiveCfg = Release|x64
		{D3CF6203-F21B-4684-8CA8-97422B4EE46C}.Release|x64.Build.0 = Release|x64
		{D3CF6203-F21B-4684-8CA8-97422B4EE46C}.Release|x86.ActiveCfg = Release|Win32
		{D3CF6203-F21B-4684-8CA8-97422B4EE46C}.Release|x86.Build.0 = Release|Win32
		{41012559-669F-4A85-AB95-D67FCBD982EB}.Debug|x64.ActiveCfg = Debug|x64
		{41012559-669F-4A85-AB95-D67FCBD982EB}.Debug|x64.Build.0 = Debug|x64
		{41012559-669F-4A85-AB95-D67FCBD982EB}.Debug|x86.ActiveCfg = Debug|Win32
		{41012559-669F-4A85-AB95-D67FCBD982EB}.Debug|x86.Build.0 = Debug|Win32
		{41012559-669F-4A85-AB95-D67FCBD982EB}.Release|x64.ActiveCfg = Release|x64
		{41012559-669F-4A85-AB95-D67FCBD982EB}.Release|x64.Build.0 = Release|x64
		{41012559-669F-4A85-AB95-D67FCBD982EB}.Release|x86.ActiveCfg = Release|Win32
		{41012559-669F-4A85-AB95-D67FCBD982EB}.Release|x86.Build.0 = Release|Win32
	EndGlobalSection
	GlobalSection(SolutionProperties) = preSolution
		HideSolutionNode = FALSE
	EndGlobalSection
	GlobalSection(ExtensibilityGlobals) = postSolution
		SolutionGuid = {27813626-00EC-4E40-A484-6D8254981E65}
	EndGlobalSection
EndGlobal
